
Microsoft Visual Studio Solution File, Format Version 12.00
# Visual Studio 2013
VisualStudioVersion = 12.0.30723.0
MinimumVisualStudioVersion = 10.0.40219.1
Project("{FAE04EC0-301F-11D3-BF4B-00C04F79EFBC}") = "ShiftManagement", "ShiftManagement\ShiftManagement.csproj", "{AC7AC0FC-1E5E-4051-839D-13582E620221}"
EndProject
Project("{FAE04EC0-301F-11D3-BF4B-00C04F79EFBC}") = "ShiftBusiness", "ShiftBusiness\ShiftBusiness.csproj", "{E1E9F9DA-EF60-453E-8627-80A0494118A2}"
EndProject
Project("{FAE04EC0-301F-11D3-BF4B-00C04F79EFBC}") = "CustomIdentityTest", "CustomIdentityTest\CustomIdentityTest.csproj", "{6CCAFE69-8FE6-4A13-963B-C8CF94E62DD0}"
EndProject
Project("{FAE04EC0-301F-11D3-BF4B-00C04F79EFBC}") = "LearnIdentity", "LearnIdentity\LearnIdentity.csproj", "{2B9C8DCF-B725-44F3-B700-E1111EF0AC39}"
EndProject
Project("{FAE04EC0-301F-11D3-BF4B-00C04F79EFBC}") = "MembershipLearning", "MembershipLearning\MembershipLearning.csproj", "{99C4D8BA-C299-4C8C-BDD2-8E15CEA5E7E2}"
EndProject
Global
	GlobalSection(SolutionConfigurationPlatforms) = preSolution
		Debug|Any CPU = Debug|Any CPU
		Release|Any CPU = Release|Any CPU
	EndGlobalSection
	GlobalSection(ProjectConfigurationPlatforms) = postSolution
		{AC7AC0FC-1E5E-4051-839D-13582E620221}.Debug|Any CPU.ActiveCfg = Debug|Any CPU
		{AC7AC0FC-1E5E-4051-839D-13582E620221}.Debug|Any CPU.Build.0 = Debug|Any CPU
		{AC7AC0FC-1E5E-4051-839D-13582E620221}.Release|Any CPU.ActiveCfg = Release|Any CPU
		{AC7AC0FC-1E5E-4051-839D-13582E620221}.Release|Any CPU.Build.0 = Release|Any CPU
		{E1E9F9DA-EF60-453E-8627-80A0494118A2}.Debug|Any CPU.ActiveCfg = Debug|Any CPU
		{E1E9F9DA-EF60-453E-8627-80A0494118A2}.Debug|Any CPU.Build.0 = Debug|Any CPU
		{E1E9F9DA-EF60-453E-8627-80A0494118A2}.Release|Any CPU.ActiveCfg = Release|Any CPU
		{E1E9F9DA-EF60-453E-8627-80A0494118A2}.Release|Any CPU.Build.0 = Release|Any CPU
		{6CCAFE69-8FE6-4A13-963B-C8CF94E62DD0}.Debug|Any CPU.ActiveCfg = Debug|Any CPU
		{6CCAFE69-8FE6-4A13-963B-C8CF94E62DD0}.Debug|Any CPU.Build.0 = Debug|Any CPU
		{6CCAFE69-8FE6-4A13-963B-C8CF94E62DD0}.Release|Any CPU.ActiveCfg = Release|Any CPU
		{6CCAFE69-8FE6-4A13-963B-C8CF94E62DD0}.Release|Any CPU.Build.0 = Release|Any CPU
		{2B9C8DCF-B725-44F3-B700-E1111EF0AC39}.Debug|Any CPU.ActiveCfg = Debug|Any CPU
		{2B9C8DCF-B725-44F3-B700-E1111EF0AC39}.Debug|Any CPU.Build.0 = Debug|Any CPU
		{2B9C8DCF-B725-44F3-B700-E1111EF0AC39}.Release|Any CPU.ActiveCfg = Release|Any CPU
		{2B9C8DCF-B725-44F3-B700-E1111EF0AC39}.Release|Any CPU.Build.0 = Release|Any CPU
		{99C4D8BA-C299-4C8C-BDD2-8E15CEA5E7E2}.Debug|Any CPU.ActiveCfg = Debug|Any CPU
		{99C4D8BA-C299-4C8C-BDD2-8E15CEA5E7E2}.Debug|Any CPU.Build.0 = Debug|Any CPU
		{99C4D8BA-C299-4C8C-BDD2-8E15CEA5E7E2}.Release|Any CPU.ActiveCfg = Release|Any CPU
		{99C4D8BA-C299-4C8C-BDD2-8E15CEA5E7E2}.Release|Any CPU.Build.0 = Release|Any CPU
	EndGlobalSection
	GlobalSection(SolutionProperties) = preSolution
		HideSolutionNode = FALSE
	EndGlobalSection
EndGlobal
